// !$*UTF8*$!
{
	archiveVersion = 1;
	classes = {
	};
	objectVersion = 56;
	objects = {

/* Begin PBXBuildFile section */
		BB0000000000000000000001 /* GameData.swift in Sources */ = {isa = PBXBuildFile; fileRef = FA0000000000000000000001 /* GameData.swift */; };
		BB0000000000000000000002 /* Util.swift in Sources */ = {isa = PBXBuildFile; fileRef = FA0000000000000000000002 /* Util.swift */; };
		BB0000000000000000000003 /* Unit.swift in Sources */ = {isa = PBXBuildFile; fileRef = FA0000000000000000000003 /* Unit.swift */; };
		BB0000000000000000000004 /* BattleScene.swift in Sources */ = {isa = PBXBuildFile; fileRef = FA0000000000000000000004 /* BattleScene.swift */; };
		BB0000000000000000000005 /* MenuScene.swift in Sources */ = {isa = PBXBuildFile; fileRef = FA0000000000000000000005 /* MenuScene.swift */; };
		BB0000000000000000000006 /* HeroSelectScene.swift in Sources */ = {isa = PBXBuildFile; fileRef = FA0000000000000000000006 /* HeroSelectScene.swift */; };
		BB0000000000000000000007 /* EndScene.swift in Sources */ = {isa = PBXBuildFile; fileRef = FA0000000000000000000007 /* EndScene.swift */; };
		BB0000000000000000000008 /* IkhMongolApp.swift in Sources */ = {isa = PBXBuildFile; fileRef = FA0000000000000000000008 /* IkhMongolApp.swift */; };
		BB0000000000000000000009 /* Assets.xcassets in Resources */ = {isa = PBXBuildFile; fileRef = FA0000000000000000000009 /* Assets.xcassets */; };
		BB000000000000000000000A /* Audio.swift in Sources */ = {isa = PBXBuildFile; fileRef = FA000000000000000000000B /* Audio.swift */; };
		BB000000000000000000000C /* Progress.swift in Sources */ = {isa = PBXBuildFile; fileRef = FA000000000000000000000D /* Progress.swift */; };
		BB000000000000000000000D /* StoryScene.swift in Sources */ = {isa = PBXBuildFile; fileRef = FA000000000000000000000E /* StoryScene.swift */; };
		BB000000000000000000000E /* Multiplayer.swift in Sources */ = {isa = PBXBuildFile; fileRef = FA000000000000000000000F /* Multiplayer.swift */; };
		BB000000000000000000000F /* PvpLobbyScene.swift in Sources */ = {isa = PBXBuildFile; fileRef = FA0000000000000000000010 /* PvpLobbyScene.swift */; };
		BB0000000000000000000010 /* PvpGuestScene.swift in Sources */ = {isa = PBXBuildFile; fileRef = FA0000000000000000000011 /* PvpGuestScene.swift */; };
		BB0000000000000000000011 /* GameCenter.swift in Sources */ = {isa = PBXBuildFile; fileRef = FA0000000000000000000013 /* GameCenter.swift */; };
		BB0000000000000000000012 /* CampaignScene.swift in Sources */ = {isa = PBXBuildFile; fileRef = FA0000000000000000000015 /* CampaignScene.swift */; };
		BB000000000000000000000B /* Sounds in Resources */ = {isa = PBXBuildFile; fileRef = FA000000000000000000000C /* Sounds */; };
/* End PBXBuildFile section */

/* Begin PBXFileReference section */
		FA0000000000000000000001 /* GameData.swift */ = {isa = PBXFileReference; lastKnownFileType = sourcecode.swift; path = GameData.swift; sourceTree = "<group>"; };
		FA0000000000000000000002 /* Util.swift */ = {isa = PBXFileReference; lastKnownFileType = sourcecode.swift; path = Util.swift; sourceTree = "<group>"; };
		FA0000000000000000000003 /* Unit.swift */ = {isa = PBXFileReference; lastKnownFileType = sourcecode.swift; path = Unit.swift; sourceTree = "<group>"; };
		FA0000000000000000000004 /* BattleScene.swift */ = {isa = PBXFileReference; lastKnownFileType = sourcecode.swift; path = BattleScene.swift; sourceTree = "<group>"; };
		FA0000000000000000000005 /* MenuScene.swift */ = {isa = PBXFileReference; lastKnownFileType = sourcecode.swift; path = MenuScene.swift; sourceTree = "<group>"; };
		FA0000000000000000000006 /* HeroSelectScene.swift */ = {isa = PBXFileReference; lastKnownFileType = sourcecode.swift; path = HeroSelectScene.swift; sourceTree = "<group>"; };
		FA0000000000000000000007 /* EndScene.swift */ = {isa = PBXFileReference; lastKnownFileType = sourcecode.swift; path = EndScene.swift; sourceTree = "<group>"; };
		FA0000000000000000000008 /* IkhMongolApp.swift */ = {isa = PBXFileReference; lastKnownFileType = sourcecode.swift; path = IkhMongolApp.swift; sourceTree = "<group>"; };
		FA0000000000000000000009 /* Assets.xcassets */ = {isa = PBXFileReference; lastKnownFileType = folder.assetcatalog; path = Assets.xcassets; sourceTree = "<group>"; };
		FA000000000000000000000A /* IkhMongol.app */ = {isa = PBXFileReference; explicitFileType = wrapper.application; includeInIndex = 0; path = IkhMongol.app; sourceTree = BUILT_PRODUCTS_DIR; };
		FA000000000000000000000B /* Audio.swift */ = {isa = PBXFileReference; lastKnownFileType = sourcecode.swift; path = Audio.swift; sourceTree = "<group>"; };
		FA000000000000000000000C /* Sounds */ = {isa = PBXFileReference; lastKnownFileType = folder; path = Sounds; sourceTree = "<group>"; };
		FA000000000000000000000D /* Progress.swift */ = {isa = PBXFileReference; lastKnownFileType = sourcecode.swift; path = Progress.swift; sourceTree = "<group>"; };
		FA000000000000000000000E /* StoryScene.swift */ = {isa = PBXFileReference; lastKnownFileType = sourcecode.swift; path = StoryScene.swift; sourceTree = "<group>"; };
		FA000000000000000000000F /* Multiplayer.swift */ = {isa = PBXFileReference; lastKnownFileType = sourcecode.swift; path = Multiplayer.swift; sourceTree = "<group>"; };
		FA0000000000000000000010 /* PvpLobbyScene.swift */ = {isa = PBXFileReference; lastKnownFileType = sourcecode.swift; path = PvpLobbyScene.swift; sourceTree = "<group>"; };
		FA0000000000000000000011 /* PvpGuestScene.swift */ = {isa = PBXFileReference; lastKnownFileType = sourcecode.swift; path = PvpGuestScene.swift; sourceTree = "<group>"; };
		FA0000000000000000000012 /* Info.plist */ = {isa = PBXFileReference; lastKnownFileType = text.plist.xml; path = Info.plist; sourceTree = "<group>"; };
		FA0000000000000000000013 /* GameCenter.swift */ = {isa = PBXFileReference; lastKnownFileType = sourcecode.swift; path = GameCenter.swift; sourceTree = "<group>"; };
		FA0000000000000000000014 /* IkhMongol.entitlements */ = {isa = PBXFileReference; lastKnownFileType = text.plist.entitlements; path = IkhMongol.entitlements; sourceTree = "<group>"; };
		FA0000000000000000000015 /* CampaignScene.swift */ = {isa = PBXFileReference; lastKnownFileType = sourcecode.swift; path = CampaignScene.swift; sourceTree = "<group>"; };
/* End PBXFileReference section */

/* Begin PBXFrameworksBuildPhase section */
		DD0000000000000000000002 /* Frameworks */ = {
			isa = PBXFrameworksBuildPhase;
			buildActionMask = 2147483647;
			files = (
			);
			runOnlyForDeploymentPostprocessing = 0;
		};
/* End PBXFrameworksBuildPhase section */

/* Begin PBXGroup section */
		CC0000000000000000000001 = {
			isa = PBXGroup;
			children = (
				CC0000000000000000000002 /* IkhMongol */,
				CC0000000000000000000003 /* Products */,
			);
			sourceTree = "<group>";
		};
		CC0000000000000000000002 /* IkhMongol */ = {
			isa = PBXGroup;
			children = (
				FA0000000000000000000008 /* IkhMongolApp.swift */,
				FA0000000000000000000001 /* GameData.swift */,
				FA0000000000000000000002 /* Util.swift */,
				FA0000000000000000000003 /* Unit.swift */,
				FA0000000000000000000004 /* BattleScene.swift */,
				FA0000000000000000000005 /* MenuScene.swift */,
				FA0000000000000000000006 /* HeroSelectScene.swift */,
				FA0000000000000000000007 /* EndScene.swift */,
				FA000000000000000000000B /* Audio.swift */,
				FA000000000000000000000D /* Progress.swift */,
				FA000000000000000000000E /* StoryScene.swift */,
				FA0000000000000000000015 /* CampaignScene.swift */,
				FA000000000000000000000F /* Multiplayer.swift */,
				FA0000000000000000000010 /* PvpLobbyScene.swift */,
				FA0000000000000000000011 /* PvpGuestScene.swift */,
				FA0000000000000000000013 /* GameCenter.swift */,
				FA0000000000000000000012 /* Info.plist */,
				FA0000000000000000000014 /* IkhMongol.entitlements */,
				FA0000000000000000000009 /* Assets.xcassets */,
				FA000000000000000000000C /* Sounds */,
			);
			path = IkhMongol;
			sourceTree = "<group>";
		};
		CC0000000000000000000003 /* Products */ = {
			isa = PBXGroup;
			children = (
				FA000000000000000000000A /* IkhMongol.app */,
			);
			name = Products;
			sourceTree = "<group>";
		};
/* End PBXGroup section */

/* Begin PBXNativeTarget section */
		EE0000000000000000000001 /* IkhMongol */ = {
			isa = PBXNativeTarget;
			buildConfigurationList = EE0000000000000000000003 /* Build configuration list for PBXNativeTarget "IkhMongol" */;
			buildPhases = (
				DD0000000000000000000001 /* Sources */,
				DD0000000000000000000002 /* Frameworks */,
				DD0000000000000000000003 /* Resources */,
			);
			buildRules = (
			);
			dependencies = (
			);
			name = IkhMongol;
			productName = IkhMongol;
			productReference = FA000000000000000000000A /* IkhMongol.app */;
			productType = "com.apple.product-type.application";
		};
/* End PBXNativeTarget section */

/* Begin PBXProject section */
		EE0000000000000000000002 /* Project object */ = {
			isa = PBXProject;
			attributes = {
				BuildIndependentTargetsInParallel = 1;
				LastSwiftUpdateCheck = 1500;
				LastUpgradeCheck = 1500;
				TargetAttributes = {
					EE0000000000000000000001 = {
						CreatedOnToolsVersion = 15.0;
					};
				};
			};
			buildConfigurationList = EE0000000000000000000004 /* Build configuration list for PBXProject "IkhMongol" */;
			compatibilityVersion = "Xcode 14.0";
			developmentRegion = en;
			hasScannedForEncodings = 0;
			knownRegions = (
				en,
				Base,
			);
			mainGroup = CC0000000000000000000001;
			productRefGroup = CC0000000000000000000003 /* Products */;
			projectDirPath = "";
			projectRoot = "";
			targets = (
				EE0000000000000000000001 /* IkhMongol */,
			);
		};
/* End PBXProject section */

/* Begin PBXResourcesBuildPhase section */
		DD0000000000000000000003 /* Resources */ = {
			isa = PBXResourcesBuildPhase;
			buildActionMask = 2147483647;
			files = (
				BB0000000000000000000009 /* Assets.xcassets in Resources */,
				BB000000000000000000000B /* Sounds in Resources */,
			);
			runOnlyForDeploymentPostprocessing = 0;
		};
/* End PBXResourcesBuildPhase section */

/* Begin PBXSourcesBuildPhase section */
		DD0000000000000000000001 /* Sources */ = {
			isa = PBXSourcesBuildPhase;
			buildActionMask = 2147483647;
			files = (
				BB0000000000000000000008 /* IkhMongolApp.swift in Sources */,
				BB0000000000000000000001 /* GameData.swift in Sources */,
				BB0000000000000000000002 /* Util.swift in Sources */,
				BB0000000000000000000003 /* Unit.swift in Sources */,
				BB0000000000000000000004 /* BattleScene.swift in Sources */,
				BB0000000000000000000005 /* MenuScene.swift in Sources */,
				BB0000000000000000000006 /* HeroSelectScene.swift in Sources */,
				BB0000000000000000000007 /* EndScene.swift in Sources */,
				BB000000000000000000000A /* Audio.swift in Sources */,
				BB000000000000000000000C /* Progress.swift in Sources */,
				BB000000000000000000000D /* StoryScene.swift in Sources */,
				BB000000000000000000000E /* Multiplayer.swift in Sources */,
				BB000000000000000000000F /* PvpLobbyScene.swift in Sources */,
				BB0000000000000000000010 /* PvpGuestScene.swift in Sources */,
				BB0000000000000000000011 /* GameCenter.swift in Sources */,
				BB0000000000000000000012 /* CampaignScene.swift in Sources */,
			);
			runOnlyForDeploymentPostprocessing = 0;
		};
/* End PBXSourcesBuildPhase section */

/* Begin XCBuildConfiguration section */
		EE0000000000000000000005 /* Debug */ = {
			isa = XCBuildConfiguration;
			buildSettings = {
				ALWAYS_SEARCH_USER_PATHS = NO;
				ASSETCATALOG_COMPILER_GENERATE_SWIFT_ASSET_SYMBOL_EXTENSIONS = YES;
				CLANG_ANALYZER_NONNULL = YES;
				CLANG_ANALYZER_NUMBER_OBJECT_CONVERSION = YES_AGGRESSIVE;
				CLANG_CXX_LANGUAGE_STANDARD = "gnu++20";
				CLANG_ENABLE_MODULES = YES;
				CLANG_ENABLE_OBJC_ARC = YES;
				CLANG_ENABLE_OBJC_WEAK = YES;
				CLANG_WARN_BLOCK_CAPTURE_AUTORELEASING = YES;
				CLANG_WARN_BOOL_CONVERSION = YES;
				CLANG_WARN_COMMA = YES;
				CLANG_WARN_CONSTANT_CONVERSION = YES;
				CLANG_WARN_DEPRECATED_OBJC_IMPLEMENTATIONS = YES;
				CLANG_WARN_DIRECT_OBJC_ISA_USAGE = YES_ERROR;
				CLANG_WARN_DOCUMENTATION_COMMENTS = YES;
				CLANG_WARN_EMPTY_BODY = YES;
				CLANG_WARN_ENUM_CONVERSION = YES;
				CLANG_WARN_INFINITE_RECURSION = YES;
				CLANG_WARN_INT_CONVERSION = YES;
				CLANG_WARN_NON_LITERAL_NULL_CONVERSION = YES;
				CLANG_WARN_OBJC_IMPLICIT_RETAIN_SELF = YES;
				CLANG_WARN_OBJC_LITERAL_CONVERSION = YES;
				CLANG_WARN_OBJC_ROOT_CLASS = YES_ERROR;
				CLANG_WARN_QUOTED_INCLUDE_IN_FRAMEWORK_HEADER = YES;
				CLANG_WARN_RANGE_LOOP_ANALYSIS = YES;
				CLANG_WARN_STRICT_PROTOTYPES = YES;
				CLANG_WARN_SUSPICIOUS_MOVE = YES;
				CLANG_WARN_UNGUARDED_AVAILABILITY = YES_AGGRESSIVE;
				CLANG_WARN_UNREACHABLE_CODE = YES;
				CLANG_WARN__DUPLICATE_METHOD_MATCH = YES;
				COPY_PHASE_STRIP = NO;
				DEBUG_INFORMATION_FORMAT = dwarf;
				ENABLE_STRICT_OBJC_MSGSEND = YES;
				ENABLE_TESTABILITY = YES;
				ENABLE_USER_SCRIPT_SANDBOXING = YES;
				GCC_C_LANGUAGE_STANDARD = gnu17;
				GCC_DYNAMIC_NO_PIC = NO;
				GCC_NO_COMMON_BLOCKS = YES;
				GCC_OPTIMIZATION_LEVEL = 0;
				GCC_PREPROCESSOR_DEFINITIONS = (
					"DEBUG=1",
					"$(inherited)",
				);
				GCC_WARN_64_TO_32_BIT_CONVERSION = YES;
				GCC_WARN_ABOUT_RETURN_TYPE = YES_ERROR;
				GCC_WARN_UNDECLARED_SELECTOR = YES;
				GCC_WARN_UNINITIALIZED_AUTOS = YES_AGGRESSIVE;
				GCC_WARN_UNUSED_FUNCTION = YES;
				GCC_WARN_UNUSED_VARIABLE = YES;
				IPHONEOS_DEPLOYMENT_TARGET = 15.0;
				LOCALIZATION_PREFERS_STRING_CATALOGS = YES;
				MTL_ENABLE_DEBUG_INFO = INCLUDE_SOURCE;
				MTL_FAST_MATH = YES;
				ONLY_ACTIVE_ARCH = YES;
				SDKROOT = iphoneos;
				SWIFT_ACTIVE_COMPILATION_CONDITIONS = "DEBUG $(inherited)";
				SWIFT_OPTIMIZATION_LEVEL = "-Onone";
			};
			name = Debug;
		};
		EE0000000000000000000006 /* Release */ = {
			isa = XCBuildConfiguration;
			buildSettings = {
				ALWAYS_SEARCH_USER_PATHS = NO;
				ASSETCATALOG_COMPILER_GENERATE_SWIFT_ASSET_SYMBOL_EXTENSIONS = YES;
				CLANG_ANALYZER_NONNULL = YES;
				CLANG_ANALYZER_NUMBER_OBJECT_CONVERSION = YES_AGGRESSIVE;
				CLANG_CXX_LANGUAGE_STANDARD = "gnu++20";
				CLANG_ENABLE_MODULES = YES;
				CLANG_ENABLE_OBJC_ARC = YES;
				CLANG_ENABLE_OBJC_WEAK = YES;
				CLANG_WARN_BLOCK_CAPTURE_AUTORELEASING = YES;
				CLANG_WARN_BOOL_CONVERSION = YES;
				CLANG_WARN_COMMA = YES;
				CLANG_WARN_CONSTANT_CONVERSION = YES;
				CLANG_WARN_DEPRECATED_OBJC_IMPLEMENTATIONS = YES;
				CLANG_WARN_DIRECT_OBJC_ISA_USAGE = YES_ERROR;
				CLANG_WARN_DOCUMENTATION_COMMENTS = YES;
				CLANG_WARN_EMPTY_BODY = YES;
				CLANG_WARN_ENUM_CONVERSION = YES;
				CLANG_WARN_INFINITE_RECURSION = YES;
				CLANG_WARN_INT_CONVERSION = YES;
				CLANG_WARN_NON_LITERAL_NULL_CONVERSION = YES;
				CLANG_WARN_OBJC_IMPLICIT_RETAIN_SELF = YES;
				CLANG_WARN_OBJC_LITERAL_CONVERSION = YES;
				CLANG_WARN_OBJC_ROOT_CLASS = YES_ERROR;
				CLANG_WARN_QUOTED_INCLUDE_IN_FRAMEWORK_HEADER = YES;
				CLANG_WARN_RANGE_LOOP_ANALYSIS = YES;
				CLANG_WARN_STRICT_PROTOTYPES = YES;
				CLANG_WARN_SUSPICIOUS_MOVE = YES;
				CLANG_WARN_UNGUARDED_AVAILABILITY = YES_AGGRESSIVE;
				CLANG_WARN_UNREACHABLE_CODE = YES;
				CLANG_WARN__DUPLICATE_METHOD_MATCH = YES;
				COPY_PHASE_STRIP = NO;
				DEBUG_INFORMATION_FORMAT = "dwarf-with-dsym";
				ENABLE_NS_ASSERTIONS = NO;
				ENABLE_STRICT_OBJC_MSGSEND = YES;
				ENABLE_USER_SCRIPT_SANDBOXING = YES;
				GCC_C_LANGUAGE_STANDARD = gnu17;
				GCC_NO_COMMON_BLOCKS = YES;
				GCC_WARN_64_TO_32_BIT_CONVERSION = YES;
				GCC_WARN_ABOUT_RETURN_TYPE = YES_ERROR;
				GCC_WARN_UNDECLARED_SELECTOR = YES;
				GCC_WARN_UNINITIALIZED_AUTOS = YES_AGGRESSIVE;
				GCC_WARN_UNUSED_FUNCTION = YES;
				GCC_WARN_UNUSED_VARIABLE = YES;
				IPHONEOS_DEPLOYMENT_TARGET = 15.0;
				LOCALIZATION_PREFERS_STRING_CATALOGS = YES;
				MTL_ENABLE_DEBUG_INFO = NO;
				MTL_FAST_MATH = YES;
				SDKROOT = iphoneos;
				SWIFT_COMPILATION_MODE = wholemodule;
				SWIFT_OPTIMIZATION_LEVEL = "-O";
				VALIDATE_PRODUCT = YES;
			};
			name = Release;
		};
		EE0000000000000000000007 /* Debug */ = {
			isa = XCBuildConfiguration;
			buildSettings = {
				ASSETCATALOG_COMPILER_APPICON_NAME = AppIcon;
				ASSETCATALOG_COMPILER_GLOBAL_ACCENT_COLOR_NAME = AccentColor;
				CODE_SIGN_ENTITLEMENTS = IkhMongol/IkhMongol.entitlements;
				CODE_SIGN_STYLE = Automatic;
				CURRENT_PROJECT_VERSION = 1;
				DEVELOPMENT_TEAM = "";
				GENERATE_INFOPLIST_FILE = YES;
				INFOPLIST_FILE = IkhMongol/Info.plist;
				INFOPLIST_KEY_CFBundleDisplayName = "Их Монгол";
				INFOPLIST_KEY_UIApplicationSceneManifest_Generation = YES;
				INFOPLIST_KEY_UIApplicationSupportsIndirectInputEvents = YES;
				INFOPLIST_KEY_UILaunchScreen_Generation = YES;
				INFOPLIST_KEY_UIRequiresFullScreen = YES;
				INFOPLIST_KEY_UIStatusBarHidden = YES;
				INFOPLIST_KEY_UISupportedInterfaceOrientations = "UIInterfaceOrientationLandscapeLeft UIInterfaceOrientationLandscapeRight";
				INFOPLIST_KEY_UIViewControllerBasedStatusBarAppearance = NO;
				LD_RUNPATH_SEARCH_PATHS = (
					"$(inherited)",
					"@executable_path/Frameworks",
				);
				MARKETING_VERSION = 1.0;
				PRODUCT_BUNDLE_IDENTIFIER = mn.ikhmongol.tulaan;
				PRODUCT_NAME = "$(TARGET_NAME)";
				SWIFT_EMIT_LOC_STRINGS = YES;
				SWIFT_VERSION = 5.0;
				TARGETED_DEVICE_FAMILY = 1;
			};
			name = Debug;
		};
		EE0000000000000000000008 /* Release */ = {
			isa = XCBuildConfiguration;
			buildSettings = {
				ASSETCATALOG_COMPILER_APPICON_NAME = AppIcon;
				ASSETCATALOG_COMPILER_GLOBAL_ACCENT_COLOR_NAME = AccentColor;
				CODE_SIGN_ENTITLEMENTS = IkhMongol/IkhMongol.entitlements;
				CODE_SIGN_STYLE = Automatic;
				CURRENT_PROJECT_VERSION = 1;
				DEVELOPMENT_TEAM = "";
				GENERATE_INFOPLIST_FILE = YES;
				INFOPLIST_FILE = IkhMongol/Info.plist;
				INFOPLIST_KEY_CFBundleDisplayName = "Их Монгол";
				INFOPLIST_KEY_UIApplicationSceneManifest_Generation = YES;
				INFOPLIST_KEY_UIApplicationSupportsIndirectInputEvents = YES;
				INFOPLIST_KEY_UILaunchScreen_Generation = YES;
				INFOPLIST_KEY_UIRequiresFullScreen = YES;
				INFOPLIST_KEY_UIStatusBarHidden = YES;
				INFOPLIST_KEY_UISupportedInterfaceOrientations = "UIInterfaceOrientationLandscapeLeft UIInterfaceOrientationLandscapeRight";
				INFOPLIST_KEY_UIViewControllerBasedStatusBarAppearance = NO;
				LD_RUNPATH_SEARCH_PATHS = (
					"$(inherited)",
					"@executable_path/Frameworks",
				);
				MARKETING_VERSION = 1.0;
				PRODUCT_BUNDLE_IDENTIFIER = mn.ikhmongol.tulaan;
				PRODUCT_NAME = "$(TARGET_NAME)";
				SWIFT_EMIT_LOC_STRINGS = YES;
				SWIFT_VERSION = 5.0;
				TARGETED_DEVICE_FAMILY = 1;
			};
			name = Release;
		};
/* End XCBuildConfiguration section */

/* Begin XCConfigurationList section */
		EE0000000000000000000003 /* Build configuration list for PBXNativeTarget "IkhMongol" */ = {
			isa = XCConfigurationList;
			buildConfigurations = (
				EE0000000000000000000007 /* Debug */,
				EE0000000000000000000008 /* Release */,
			);
			defaultConfigurationIsVisible = 0;
			defaultConfigurationName = Release;
		};
		EE0000000000000000000004 /* Build configuration list for PBXProject "IkhMongol" */ = {
			isa = XCConfigurationList;
			buildConfigurations = (
				EE0000000000000000000005 /* Debug */,
				EE0000000000000000000006 /* Release */,
			);
			defaultConfigurationIsVisible = 0;
			defaultConfigurationName = Release;
		};
/* End XCConfigurationList section */
	};
	rootObject = EE0000000000000000000002 /* Project object */;
}
